
Microsoft Visual Studio Solution File, Format Version 12.00
# Visual Studio Version 16
VisualStudioVersion = 16.0.29509.3
MinimumVisualStudioVersion = 10.0.40219.1
Project("{FAE04EC0-301F-11D3-BF4B-00C04F79EFBC}") = "C-Sharp Step 111 Create Class", "C-Sharp Step 111 Create Class\C-Sharp Step 111 Create Class.csproj", "{BDC0B1AA-CF97-4E75-B7D2-B8F7C0D7EB96}"
EndProject
Global
	GlobalSection(SolutionConfigurationPlatforms) = preSolution
		Debug|Any CPU = Debug|Any CPU
		Release|Any CPU = Release|Any CPU
	EndGlobalSection
	GlobalSection(ProjectConfigurationPlatforms) = postSolution
		{BDC0B1AA-CF97-4E75-B7D2-B8F7C0D7EB96}.Debug|Any CPU.ActiveCfg = Debug|Any CPU
		{BDC0B1AA-CF97-4E75-B7D2-B8F7C0D7EB96}.Debug|Any CPU.Build.0 = Debug|Any CPU
		{BDC0B1AA-CF97-4E75-B7D2-B8F7C0D7EB96}.Release|Any CPU.ActiveCfg = Release|Any CPU
		{BDC0B1AA-CF97-4E75-B7D2-B8F7C0D7EB96}.Release|Any CPU.Build.0 = Release|Any CPU
	EndGlobalSection
	GlobalSection(SolutionProperties) = preSolution
		HideSolutionNode = FALSE
	EndGlobalSection
	GlobalSection(ExtensibilityGlobals) = postSolution
		SolutionGuid = {F290B58F-8FEC-4182-A684-0B71373C2F12}
	EndGlobalSection
EndGlobal
