
Microsoft Visual Studio Solution File, Format Version 12.00
# Visual Studio Version 16
VisualStudioVersion = 16.0.29509.3
MinimumVisualStudioVersion = 10.0.40219.1
Project("{FAE04EC0-301F-11D3-BF4B-00C04F79EFBC}") = "C-Sharp Step 103 For Loop", "C-Sharp Step 103 For Loop\C-Sharp Step 103 For Loop.csproj", "{13C50560-1E9B-4871-B3B3-5D41C8B2AA1D}"
EndProject
Global
	GlobalSection(SolutionConfigurationPlatforms) = preSolution
		Debug|Any CPU = Debug|Any CPU
		Release|Any CPU = Release|Any CPU
	EndGlobalSection
	GlobalSection(ProjectConfigurationPlatforms) = postSolution
		{13C50560-1E9B-4871-B3B3-5D41C8B2AA1D}.Debug|Any CPU.ActiveCfg = Debug|Any CPU
		{13C50560-1E9B-4871-B3B3-5D41C8B2AA1D}.Debug|Any CPU.Build.0 = Debug|Any CPU
		{13C50560-1E9B-4871-B3B3-5D41C8B2AA1D}.Release|Any CPU.ActiveCfg = Release|Any CPU
		{13C50560-1E9B-4871-B3B3-5D41C8B2AA1D}.Release|Any CPU.Build.0 = Release|Any CPU
	EndGlobalSection
	GlobalSection(SolutionProperties) = preSolution
		HideSolutionNode = FALSE
	EndGlobalSection
	GlobalSection(ExtensibilityGlobals) = postSolution
		SolutionGuid = {72EBF0DD-251E-432C-84AA-258FF5967D18}
	EndGlobalSection
EndGlobal
