
Microsoft Visual Studio Solution File, Format Version 12.00
# Visual Studio Version 16
VisualStudioVersion = 16.0.29509.3
MinimumVisualStudioVersion = 10.0.40219.1
Project("{FAE04EC0-301F-11D3-BF4B-00C04F79EFBC}") = "C Sharp Step 57", "C Sharp Step 57\C Sharp Step 57.csproj", "{57709FD1-3EC0-4BAC-94DD-A0AA834F8B5B}"
EndProject
Global
	GlobalSection(SolutionConfigurationPlatforms) = preSolution
		Debug|Any CPU = Debug|Any CPU
		Release|Any CPU = Release|Any CPU
	EndGlobalSection
	GlobalSection(ProjectConfigurationPlatforms) = postSolution
		{57709FD1-3EC0-4BAC-94DD-A0AA834F8B5B}.Debug|Any CPU.ActiveCfg = Debug|Any CPU
		{57709FD1-3EC0-4BAC-94DD-A0AA834F8B5B}.Debug|Any CPU.Build.0 = Debug|Any CPU
		{57709FD1-3EC0-4BAC-94DD-A0AA834F8B5B}.Release|Any CPU.ActiveCfg = Release|Any CPU
		{57709FD1-3EC0-4BAC-94DD-A0AA834F8B5B}.Release|Any CPU.Build.0 = Release|Any CPU
	EndGlobalSection
	GlobalSection(SolutionProperties) = preSolution
		HideSolutionNode = FALSE
	EndGlobalSection
	GlobalSection(ExtensibilityGlobals) = postSolution
		SolutionGuid = {53A19804-018A-470C-9B98-5E7A9AC8534F}
	EndGlobalSection
EndGlobal
