
Microsoft Visual Studio Solution File, Format Version 12.00
# Visual Studio Version 16
VisualStudioVersion = 16.0.29519.87
MinimumVisualStudioVersion = 10.0.40219.1
Project("{FAE04EC0-301F-11D3-BF4B-00C04F79EFBC}") = "C-Sharp Step 165 Exception", "C-Sharp Step 165 Exception\C-Sharp Step 165 Exception.csproj", "{881C7956-11F7-4C08-9BCE-23F320650023}"
EndProject
Global
	GlobalSection(SolutionConfigurationPlatforms) = preSolution
		Debug|Any CPU = Debug|Any CPU
		Release|Any CPU = Release|Any CPU
	EndGlobalSection
	GlobalSection(ProjectConfigurationPlatforms) = postSolution
		{881C7956-11F7-4C08-9BCE-23F320650023}.Debug|Any CPU.ActiveCfg = Debug|Any CPU
		{881C7956-11F7-4C08-9BCE-23F320650023}.Debug|Any CPU.Build.0 = Debug|Any CPU
		{881C7956-11F7-4C08-9BCE-23F320650023}.Release|Any CPU.ActiveCfg = Release|Any CPU
		{881C7956-11F7-4C08-9BCE-23F320650023}.Release|Any CPU.Build.0 = Release|Any CPU
	EndGlobalSection
	GlobalSection(SolutionProperties) = preSolution
		HideSolutionNode = FALSE
	EndGlobalSection
	GlobalSection(ExtensibilityGlobals) = postSolution
		SolutionGuid = {6033D2F3-2852-4D1C-904E-5A7C515C41CE}
	EndGlobalSection
EndGlobal
