
Microsoft Visual Studio Solution File, Format Version 12.00
# Visual Studio Version 16
VisualStudioVersion = 16.0.29509.3
MinimumVisualStudioVersion = 10.0.40219.1
Project("{FAE04EC0-301F-11D3-BF4B-00C04F79EFBC}") = "WelcomeAAS", "WelcomeAAS\WelcomeAAS.csproj", "{3DBE74F3-626D-478B-8E2D-F5D8935F582F}"
EndProject
Global
	GlobalSection(SolutionConfigurationPlatforms) = preSolution
		Debug|Any CPU = Debug|Any CPU
		Release|Any CPU = Release|Any CPU
	EndGlobalSection
	GlobalSection(ProjectConfigurationPlatforms) = postSolution
		{3DBE74F3-626D-478B-8E2D-F5D8935F582F}.Debug|Any CPU.ActiveCfg = Debug|Any CPU
		{3DBE74F3-626D-478B-8E2D-F5D8935F582F}.Debug|Any CPU.Build.0 = Debug|Any CPU
		{3DBE74F3-626D-478B-8E2D-F5D8935F582F}.Release|Any CPU.ActiveCfg = Release|Any CPU
		{3DBE74F3-626D-478B-8E2D-F5D8935F582F}.Release|Any CPU.Build.0 = Release|Any CPU
	EndGlobalSection
	GlobalSection(SolutionProperties) = preSolution
		HideSolutionNode = FALSE
	EndGlobalSection
	GlobalSection(ExtensibilityGlobals) = postSolution
		SolutionGuid = {935A784E-553C-4102-9AD3-DF67535F7679}
	EndGlobalSection
EndGlobal
